
Microsoft Visual Studio Solution File, Format Version 12.00
# Visual Studio Version 16
VisualStudioVersion = 16.0.31205.134
MinimumVisualStudioVersion = 10.0.40219.1
Project("{FAE04EC0-301F-11D3-BF4B-00C04F79EFBC}") = "TCP.ClientServer", "TCP.ClientServer\TCP.ClientServer.csproj", "{149A340C-16A0-4C72-B4D7-D9D39DF477A5}"
EndProject
Project("{FAE04EC0-301F-11D3-BF4B-00C04F79EFBC}") = "Server", "Server\Server.csproj", "{8BA2E774-26E8-48A2-9A0E-B91CB52C172C}"
EndProject
Global
	GlobalSection(SolutionConfigurationPlatforms) = preSolution
		Debug|Any CPU = Debug|Any CPU
		Release|Any CPU = Release|Any CPU
	EndGlobalSection
	GlobalSection(ProjectConfigurationPlatforms) = postSolution
		{149A340C-16A0-4C72-B4D7-D9D39DF477A5}.Debug|Any CPU.ActiveCfg = Debug|Any CPU
		{149A340C-16A0-4C72-B4D7-D9D39DF477A5}.Debug|Any CPU.Build.0 = Debug|Any CPU
		{149A340C-16A0-4C72-B4D7-D9D39DF477A5}.Release|Any CPU.ActiveCfg = Release|Any CPU
		{149A340C-16A0-4C72-B4D7-D9D39DF477A5}.Release|Any CPU.Build.0 = Release|Any CPU
		{8BA2E774-26E8-48A2-9A0E-B91CB52C172C}.Debug|Any CPU.ActiveCfg = Debug|Any CPU
		{8BA2E774-26E8-48A2-9A0E-B91CB52C172C}.Debug|Any CPU.Build.0 = Debug|Any CPU
		{8BA2E774-26E8-48A2-9A0E-B91CB52C172C}.Release|Any CPU.ActiveCfg = Release|Any CPU
		{8BA2E774-26E8-48A2-9A0E-B91CB52C172C}.Release|Any CPU.Build.0 = Release|Any CPU
	EndGlobalSection
	GlobalSection(SolutionProperties) = preSolution
		HideSolutionNode = FALSE
	EndGlobalSection
	GlobalSection(ExtensibilityGlobals) = postSolution
		SolutionGuid = {872823AC-3A32-428A-82EC-49E399954A56}
	EndGlobalSection
EndGlobal
